
Microsoft Visual Studio Solution File, Format Version 12.00
# Visual Studio Version 17
VisualStudioVersion = 17.7.34003.232
MinimumVisualStudioVersion = 10.0.40219.1
Project("{FAE04EC0-301F-11D3-BF4B-00C04F79EFBC}") = "Contacts", "Contacts\Contacts.csproj", "{2621FB18-CAD3-4D02-8AF9-E2B30807ADA1}"
EndProject
Global
	GlobalSection(SolutionConfigurationPlatforms) = preSolution
		Debug|Any CPU = Debug|Any CPU
		Release|Any CPU = Release|Any CPU
	EndGlobalSection
	GlobalSection(ProjectConfigurationPlatforms) = postSolution
		{2621FB18-CAD3-4D02-8AF9-E2B30807ADA1}.Debug|Any CPU.ActiveCfg = Debug|Any CPU
		{2621FB18-CAD3-4D02-8AF9-E2B30807ADA1}.Debug|Any CPU.Build.0 = Debug|Any CPU
		{2621FB18-CAD3-4D02-8AF9-E2B30807ADA1}.Release|Any CPU.ActiveCfg = Release|Any CPU
		{2621FB18-CAD3-4D02-8AF9-E2B30807ADA1}.Release|Any CPU.Build.0 = Release|Any CPU
	EndGlobalSection
	GlobalSection(SolutionProperties) = preSolution
		HideSolutionNode = FALSE
	EndGlobalSection
	GlobalSection(ExtensibilityGlobals) = postSolution
		SolutionGuid = {ACB10BE4-4AAF-4B70-8D6B-650916FA759B}
	EndGlobalSection
EndGlobal
